// !$*UTF8*$!
{
	archiveVersion = 1;
	classes = {
	};
	objectVersion = 46;
	objects = {

/* Begin PBXBuildFile section */
		DEA5565719D9012800076FBB /* AppDelegate.swift in Sources */ = {isa = PBXBuildFile; fileRef = DEA5565619D9012800076FBB /* AppDelegate.swift */; };
		DEA5565919D9012800076FBB /* ViewController.swift in Sources */ = {isa = PBXBuildFile; fileRef = DEA5565819D9012800076FBB /* ViewController.swift */; };
		DEA5565C19D9012800076FBB /* Main.storyboard in Resources */ = {isa = PBXBuildFile; fileRef = DEA5565A19D9012800076FBB /* Main.storyboard */; };
		DEA5565E19D9012800076FBB /* Images.xcassets in Resources */ = {isa = PBXBuildFile; fileRef = DEA5565D19D9012800076FBB /* Images.xcassets */; };
		DEA5566119D9012800076FBB /* LaunchScreen.xib in Resources */ = {isa = PBXBuildFile; fileRef = DEA5565F19D9012800076FBB /* LaunchScreen.xib */; };
		DEA5566D19D9012800076FBB /* _9RedBalloonsTests.swift in Sources */ = {isa = PBXBuildFile; fileRef = DEA5566C19D9012800076FBB /* _9RedBalloonsTests.swift */; };
		DEA5567C19D9014700076FBB /* BerlinTVTower.jpg in Resources */ = {isa = PBXBuildFile; fileRef = DEA5567719D9014700076FBB /* BerlinTVTower.jpg */; };
		DEA5567D19D9014700076FBB /* RedBalloon1.jpg in Resources */ = {isa = PBXBuildFile; fileRef = DEA5567819D9014700076FBB /* RedBalloon1.jpg */; };
		DEA5567E19D9014700076FBB /* RedBalloon2.jpg in Resources */ = {isa = PBXBuildFile; fileRef = DEA5567919D9014700076FBB /* RedBalloon2.jpg */; };
		DEA5567F19D9014700076FBB /* RedBalloon3.jpg in Resources */ = {isa = PBXBuildFile; fileRef = DEA5567A19D9014700076FBB /* RedBalloon3.jpg */; };
		DEA5568019D9014700076FBB /* RedBalloon4.jpg in Resources */ = {isa = PBXBuildFile; fileRef = DEA5567B19D9014700076FBB /* RedBalloon4.jpg */; };
		DEA5568319D9050200076FBB /* Balloon.swift in Sources */ = {isa = PBXBuildFile; fileRef = DEA5568219D9050200076FBB /* Balloon.swift */; };
/* End PBXBuildFile section */

/* Begin PBXContainerItemProxy section */
		DEA5566719D9012800076FBB /* PBXContainerItemProxy */ = {
			isa = PBXContainerItemProxy;
			containerPortal = DEA5564919D9012800076FBB /* Project object */;
			proxyType = 1;
			remoteGlobalIDString = DEA5565019D9012800076FBB;
			remoteInfo = 99RedBalloons;
		};
/* End PBXContainerItemProxy section */

/* Begin PBXFileReference section */
		DEA5565119D9012800076FBB /* 99RedBalloons.app */ = {isa = PBXFileReference; explicitFileType = wrapper.application; includeInIndex = 0; path = 99RedBalloons.app; sourceTree = BUILT_PRODUCTS_DIR; };
		DEA5565519D9012800076FBB /* Info.plist */ = {isa = PBXFileReference; lastKnownFileType = text.plist.xml; path = Info.plist; sourceTree = "<group>"; };
		DEA5565619D9012800076FBB /* AppDelegate.swift */ = {isa = PBXFileReference; lastKnownFileType = sourcecode.swift; path = AppDelegate.swift; sourceTree = "<group>"; };
		DEA5565819D9012800076FBB /* ViewController.swift */ = {isa = PBXFileReference; lastKnownFileType = sourcecode.swift; path = ViewController.swift; sourceTree = "<group>"; };
		DEA5565B19D9012800076FBB /* Base */ = {isa = PBXFileReference; lastKnownFileType = file.storyboard; name = Base; path = Base.lproj/Main.storyboard; sourceTree = "<group>"; };
		DEA5565D19D9012800076FBB /* Images.xcassets */ = {isa = PBXFileReference; lastKnownFileType = folder.assetcatalog; path = Images.xcassets; sourceTree = "<group>"; };
		DEA5566019D9012800076FBB /* Base */ = {isa = PBXFileReference; lastKnownFileType = file.xib; name = Base; path = Base.lproj/LaunchScreen.xib; sourceTree = "<group>"; };
		DEA5566619D9012800076FBB /* 99RedBalloonsTests.xctest */ = {isa = PBXFileReference; explicitFileType = wrapper.cfbundle; includeInIndex = 0; path = 99RedBalloonsTests.xctest; sourceTree = BUILT_PRODUCTS_DIR; };
		DEA5566B19D9012800076FBB /* Info.plist */ = {isa = PBXFileReference; lastKnownFileType = text.plist.xml; path = Info.plist; sourceTree = "<group>"; };
		DEA5566C19D9012800076FBB /* _9RedBalloonsTests.swift */ = {isa = PBXFileReference; lastKnownFileType = sourcecode.swift; path = _9RedBalloonsTests.swift; sourceTree = "<group>"; };
		DEA5567719D9014700076FBB /* BerlinTVTower.jpg */ = {isa = PBXFileReference; lastKnownFileType = image.jpeg; path = BerlinTVTower.jpg; sourceTree = "<group>"; };
		DEA5567819D9014700076FBB /* RedBalloon1.jpg */ = {isa = PBXFileReference; lastKnownFileType = image.jpeg; path = RedBalloon1.jpg; sourceTree = "<group>"; };
		DEA5567919D9014700076FBB /* RedBalloon2.jpg */ = {isa = PBXFileReference; lastKnownFileType = image.jpeg; path = RedBalloon2.jpg; sourceTree = "<group>"; };
		DEA5567A19D9014700076FBB /* RedBalloon3.jpg */ = {isa = PBXFileReference; lastKnownFileType = image.jpeg; path = RedBalloon3.jpg; sourceTree = "<group>"; };
		DEA5567B19D9014700076FBB /* RedBalloon4.jpg */ = {isa = PBXFileReference; lastKnownFileType = image.jpeg; path = RedBalloon4.jpg; sourceTree = "<group>"; };
		DEA5568219D9050200076FBB /* Balloon.swift */ = {isa = PBXFileReference; fileEncoding = 4; lastKnownFileType = sourcecode.swift; path = Balloon.swift; sourceTree = "<group>"; };
/* End PBXFileReference section */

/* Begin PBXFrameworksBuildPhase section */
		DEA5564E19D9012800076FBB /* Frameworks */ = {
			isa = PBXFrameworksBuildPhase;
			buildActionMask = 2147483647;
			files = (
			);
			runOnlyForDeploymentPostprocessing = 0;
		};
		DEA5566319D9012800076FBB /* Frameworks */ = {
			isa = PBXFrameworksBuildPhase;
			buildActionMask = 2147483647;
			files = (
			);
			runOnlyForDeploymentPostprocessing = 0;
		};
/* End PBXFrameworksBuildPhase section */

/* Begin PBXGroup section */
		DEA5564819D9012800076FBB = {
			isa = PBXGroup;
			children = (
				DEA5565319D9012800076FBB /* 99RedBalloons */,
				DEA5566919D9012800076FBB /* 99RedBalloonsTests */,
				DEA5565219D9012800076FBB /* Products */,
			);
			sourceTree = "<group>";
		};
		DEA5565219D9012800076FBB /* Products */ = {
			isa = PBXGroup;
			children = (
				DEA5565119D9012800076FBB /* 99RedBalloons.app */,
				DEA5566619D9012800076FBB /* 99RedBalloonsTests.xctest */,
			);
			name = Products;
			sourceTree = "<group>";
		};
		DEA5565319D9012800076FBB /* 99RedBalloons */ = {
			isa = PBXGroup;
			children = (
				DEA5565619D9012800076FBB /* AppDelegate.swift */,
				DEA5565819D9012800076FBB /* ViewController.swift */,
				DEA5565A19D9012800076FBB /* Main.storyboard */,
				DEA5568119D904D300076FBB /* Model */,
				DEA5565D19D9012800076FBB /* Images.xcassets */,
				DEA5565F19D9012800076FBB /* LaunchScreen.xib */,
				DEA5565419D9012800076FBB /* Supporting Files */,
			);
			path = 99RedBalloons;
			sourceTree = "<group>";
		};
		DEA5565419D9012800076FBB /* Supporting Files */ = {
			isa = PBXGroup;
			children = (
				DEA5567619D9014700076FBB /* 99RedBalloonsAssets */,
				DEA5565519D9012800076FBB /* Info.plist */,
			);
			name = "Supporting Files";
			sourceTree = "<group>";
		};
		DEA5566919D9012800076FBB /* 99RedBalloonsTests */ = {
			isa = PBXGroup;
			children = (
				DEA5566C19D9012800076FBB /* _9RedBalloonsTests.swift */,
				DEA5566A19D9012800076FBB /* Supporting Files */,
			);
			path = 99RedBalloonsTests;
			sourceTree = "<group>";
		};
		DEA5566A19D9012800076FBB /* Supporting Files */ = {
			isa = PBXGroup;
			children = (
				DEA5566B19D9012800076FBB /* Info.plist */,
			);
			name = "Supporting Files";
			sourceTree = "<group>";
		};
		DEA5567619D9014700076FBB /* 99RedBalloonsAssets */ = {
			isa = PBXGroup;
			children = (
				DEA5567719D9014700076FBB /* BerlinTVTower.jpg */,
				DEA5567819D9014700076FBB /* RedBalloon1.jpg */,
				DEA5567919D9014700076FBB /* RedBalloon2.jpg */,
				DEA5567A19D9014700076FBB /* RedBalloon3.jpg */,
				DEA5567B19D9014700076FBB /* RedBalloon4.jpg */,
			);
			path = 99RedBalloonsAssets;
			sourceTree = "<group>";
		};
		DEA5568119D904D300076FBB /* Model */ = {
			isa = PBXGroup;
			children = (
				DEA5568219D9050200076FBB /* Balloon.swift */,
			);
			name = Model;
			sourceTree = "<group>";
		};
/* End PBXGroup section */

/* Begin PBXNativeTarget section */
		DEA5565019D9012800076FBB /* 99RedBalloons */ = {
			isa = PBXNativeTarget;
			buildConfigurationList = DEA5567019D9012800076FBB /* Build configuration list for PBXNativeTarget "99RedBalloons" */;
			buildPhases = (
				DEA5564D19D9012800076FBB /* Sources */,
				DEA5564E19D9012800076FBB /* Frameworks */,
				DEA5564F19D9012800076FBB /* Resources */,
			);
			buildRules = (
			);
			dependencies = (
			);
			name = 99RedBalloons;
			productName = 99RedBalloons;
			productReference = DEA5565119D9012800076FBB /* 99RedBalloons.app */;
			productType = "com.apple.product-type.application";
		};
		DEA5566519D9012800076FBB /* 99RedBalloonsTests */ = {
			isa = PBXNativeTarget;
			buildConfigurationList = DEA5567319D9012800076FBB /* Build configuration list for PBXNativeTarget "99RedBalloonsTests" */;
			buildPhases = (
				DEA5566219D9012800076FBB /* Sources */,
				DEA5566319D9012800076FBB /* Frameworks */,
				DEA5566419D9012800076FBB /* Resources */,
			);
			buildRules = (
			);
			dependencies = (
				DEA5566819D9012800076FBB /* PBXTargetDependency */,
			);
			name = 99RedBalloonsTests;
			productName = 99RedBalloonsTests;
			productReference = DEA5566619D9012800076FBB /* 99RedBalloonsTests.xctest */;
			productType = "com.apple.product-type.bundle.unit-test";
		};
/* End PBXNativeTarget section */

/* Begin PBXProject section */
		DEA5564919D9012800076FBB /* Project object */ = {
			isa = PBXProject;
			attributes = {
				LastUpgradeCheck = 0600;
				ORGANIZATIONNAME = "Tony Morales";
				TargetAttributes = {
					DEA5565019D9012800076FBB = {
						CreatedOnToolsVersion = 6.0.1;
					};
					DEA5566519D9012800076FBB = {
						CreatedOnToolsVersion = 6.0.1;
						TestTargetID = DEA5565019D9012800076FBB;
					};
				};
			};
			buildConfigurationList = DEA5564C19D9012800076FBB /* Build configuration list for PBXProject "99RedBalloons" */;
			compatibilityVersion = "Xcode 3.2";
			developmentRegion = English;
			hasScannedForEncodings = 0;
			knownRegions = (
				en,
				Base,
			);
			mainGroup = DEA5564819D9012800076FBB;
			productRefGroup = DEA5565219D9012800076FBB /* Products */;
			projectDirPath = "";
			projectRoot = "";
			targets = (
				DEA5565019D9012800076FBB /* 99RedBalloons */,
				DEA5566519D9012800076FBB /* 99RedBalloonsTests */,
			);
		};
/* End PBXProject section */

/* Begin PBXResourcesBuildPhase section */
		DEA5564F19D9012800076FBB /* Resources */ = {
			isa = PBXResourcesBuildPhase;
			buildActionMask = 2147483647;
			files = (
				DEA5567E19D9014700076FBB /* RedBalloon2.jpg in Resources */,
				DEA5565C19D9012800076FBB /* Main.storyboard in Resources */,
				DEA5567F19D9014700076FBB /* RedBalloon3.jpg in Resources */,
				DEA5566119D9012800076FBB /* LaunchScreen.xib in Resources */,
				DEA5568019D9014700076FBB /* RedBalloon4.jpg in Resources */,
				DEA5565E19D9012800076FBB /* Images.xcassets in Resources */,
				DEA5567D19D9014700076FBB /* RedBalloon1.jpg in Resources */,
				DEA5567C19D9014700076FBB /* BerlinTVTower.jpg in Resources */,
			);
			runOnlyForDeploymentPostprocessing = 0;
		};
		DEA5566419D9012800076FBB /* Resources */ = {
			isa = PBXResourcesBuildPhase;
			buildActionMask = 2147483647;
			files = (
			);
			runOnlyForDeploymentPostprocessing = 0;
		};
/* End PBXResourcesBuildPhase section */

/* Begin PBXSourcesBuildPhase section */
		DEA5564D19D9012800076FBB /* Sources */ = {
			isa = PBXSourcesBuildPhase;
			buildActionMask = 2147483647;
			files = (
				DEA5565919D9012800076FBB /* ViewController.swift in Sources */,
				DEA5568319D9050200076FBB /* Balloon.swift in Sources */,
				DEA5565719D9012800076FBB /* AppDelegate.swift in Sources */,
			);
			runOnlyForDeploymentPostprocessing = 0;
		};
		DEA5566219D9012800076FBB /* Sources */ = {
			isa = PBXSourcesBuildPhase;
			buildActionMask = 2147483647;
			files = (
				DEA5566D19D9012800076FBB /* _9RedBalloonsTests.swift in Sources */,
			);
			runOnlyForDeploymentPostprocessing = 0;
		};
/* End PBXSourcesBuildPhase section */

/* Begin PBXTargetDependency section */
		DEA5566819D9012800076FBB /* PBXTargetDependency */ = {
			isa = PBXTargetDependency;
			target = DEA5565019D9012800076FBB /* 99RedBalloons */;
			targetProxy = DEA5566719D9012800076FBB /* PBXContainerItemProxy */;
		};
/* End PBXTargetDependency section */

/* Begin PBXVariantGroup section */
		DEA5565A19D9012800076FBB /* Main.storyboard */ = {
			isa = PBXVariantGroup;
			children = (
				DEA5565B19D9012800076FBB /* Base */,
			);
			name = Main.storyboard;
			sourceTree = "<group>";
		};
		DEA5565F19D9012800076FBB /* LaunchScreen.xib */ = {
			isa = PBXVariantGroup;
			children = (
				DEA5566019D9012800076FBB /* Base */,
			);
			name = LaunchScreen.xib;
			sourceTree = "<group>";
		};
/* End PBXVariantGroup section */

/* Begin XCBuildConfiguration section */
		DEA5566E19D9012800076FBB /* Debug */ = {
			isa = XCBuildConfiguration;
			buildSettings = {
				ALWAYS_SEARCH_USER_PATHS = NO;
				CLANG_CXX_LANGUAGE_STANDARD = "gnu++0x";
				CLANG_CXX_LIBRARY = "libc++";
				CLANG_ENABLE_MODULES = YES;
				CLANG_ENABLE_OBJC_ARC = YES;
				CLANG_WARN_BOOL_CONVERSION = YES;
				CLANG_WARN_CONSTANT_CONVERSION = YES;
				CLANG_WARN_DIRECT_OBJC_ISA_USAGE = YES_ERROR;
				CLANG_WARN_EMPTY_BODY = YES;
				CLANG_WARN_ENUM_CONVERSION = YES;
				CLANG_WARN_INT_CONVERSION = YES;
				CLANG_WARN_OBJC_ROOT_CLASS = YES_ERROR;
				CLANG_WARN_UNREACHABLE_CODE = YES;
				CLANG_WARN__DUPLICATE_METHOD_MATCH = YES;
				"CODE_SIGN_IDENTITY[sdk=iphoneos*]" = "iPhone Developer";
				COPY_PHASE_STRIP = NO;
				ENABLE_STRICT_OBJC_MSGSEND = YES;
				GCC_C_LANGUAGE_STANDARD = gnu99;
				GCC_DYNAMIC_NO_PIC = NO;
				GCC_OPTIMIZATION_LEVEL = 0;
				GCC_PREPROCESSOR_DEFINITIONS = (
					"DEBUG=1",
					"$(inherited)",
				);
				GCC_SYMBOLS_PRIVATE_EXTERN = NO;
				GCC_WARN_64_TO_32_BIT_CONVERSION = YES;
				GCC_WARN_ABOUT_RETURN_TYPE = YES_ERROR;
				GCC_WARN_UNDECLARED_SELECTOR = YES;
				GCC_WARN_UNINITIALIZED_AUTOS = YES_AGGRESSIVE;
				GCC_WARN_UNUSED_FUNCTION = YES;
				GCC_WARN_UNUSED_VARIABLE = YES;
				IPHONEOS_DEPLOYMENT_TARGET = 8.0;
				MTL_ENABLE_DEBUG_INFO = YES;
				ONLY_ACTIVE_ARCH = YES;
				SDKROOT = iphoneos;
				SWIFT_OPTIMIZATION_LEVEL = "-Onone";
			};
			name = Debug;
		};
		DEA5566F19D9012800076FBB /* Release */ = {
			isa = XCBuildConfiguration;
			buildSettings = {
				ALWAYS_SEARCH_USER_PATHS = NO;
				CLANG_CXX_LANGUAGE_STANDARD = "gnu++0x";
				CLANG_CXX_LIBRARY = "libc++";
				CLANG_ENABLE_MODULES = YES;
				CLANG_ENABLE_OBJC_ARC = YES;
				CLANG_WARN_BOOL_CONVERSION = YES;
				CLANG_WARN_CONSTANT_CONVERSION = YES;
				CLANG_WARN_DIRECT_OBJC_ISA_USAGE = YES_ERROR;
				CLANG_WARN_EMPTY_BODY = YES;
				CLANG_WARN_ENUM_CONVERSION = YES;
				CLANG_WARN_INT_CONVERSION = YES;
				CLANG_WARN_OBJC_ROOT_CLASS = YES_ERROR;
				CLANG_WARN_UNREACHABLE_CODE = YES;
				CLANG_WARN__DUPLICATE_METHOD_MATCH = YES;
				"CODE_SIGN_IDENTITY[sdk=iphoneos*]" = "iPhone Developer";
				COPY_PHASE_STRIP = YES;
				ENABLE_NS_ASSERTIONS = NO;
				ENABLE_STRICT_OBJC_MSGSEND = YES;
				GCC_C_LANGUAGE_STANDARD = gnu99;
				GCC_WARN_64_TO_32_BIT_CONVERSION = YES;
				GCC_WARN_ABOUT_RETURN_TYPE = YES_ERROR;
				GCC_WARN_UNDECLARED_SELECTOR = YES;
				GCC_WARN_UNINITIALIZED_AUTOS = YES_AGGRESSIVE;
				GCC_WARN_UNUSED_FUNCTION = YES;
				GCC_WARN_UNUSED_VARIABLE = YES;
				IPHONEOS_DEPLOYMENT_TARGET = 8.0;
				MTL_ENABLE_DEBUG_INFO = NO;
				SDKROOT = iphoneos;
				VALIDATE_PRODUCT = YES;
			};
			name = Release;
		};
		DEA5567119D9012800076FBB /* Debug */ = {
			isa = XCBuildConfiguration;
			buildSettings = {
				ASSETCATALOG_COMPILER_APPICON_NAME = AppIcon;
				INFOPLIST_FILE = 99RedBalloons/Info.plist;
				LD_RUNPATH_SEARCH_PATHS = "$(inherited) @executable_path/Frameworks";
				PRODUCT_NAME = "$(TARGET_NAME)";
			};
			name = Debug;
		};
		DEA5567219D9012800076FBB /* Release */ = {
			isa = XCBuildConfiguration;
			buildSettings = {
				ASSETCATALOG_COMPILER_APPICON_NAME = AppIcon;
				INFOPLIST_FILE = 99RedBalloons/Info.plist;
				LD_RUNPATH_SEARCH_PATHS = "$(inherited) @executable_path/Frameworks";
				PRODUCT_NAME = "$(TARGET_NAME)";
			};
			name = Release;
		};
		DEA5567419D9012800076FBB /* Debug */ = {
			isa = XCBuildConfiguration;
			buildSettings = {
				BUNDLE_LOADER = "$(TEST_HOST)";
				FRAMEWORK_SEARCH_PATHS = (
					"$(SDKROOT)/Developer/Library/Frameworks",
					"$(inherited)",
				);
				GCC_PREPROCESSOR_DEFINITIONS = (
					"DEBUG=1",
					"$(inherited)",
				);
				INFOPLIST_FILE = 99RedBalloonsTests/Info.plist;
				LD_RUNPATH_SEARCH_PATHS = "$(inherited) @executable_path/Frameworks @loader_path/Frameworks";
				PRODUCT_NAME = "$(TARGET_NAME)";
				TEST_HOST = "$(BUILT_PRODUCTS_DIR)/99RedBalloons.app/99RedBalloons";
			};
			name = Debug;
		};
		DEA5567519D9012800076FBB /* Release */ = {
			isa = XCBuildConfiguration;
			buildSettings = {
				BUNDLE_LOADER = "$(TEST_HOST)";
				FRAMEWORK_SEARCH_PATHS = (
					"$(SDKROOT)/Developer/Library/Frameworks",
					"$(inherited)",
				);
				INFOPLIST_FILE = 99RedBalloonsTests/Info.plist;
				LD_RUNPATH_SEARCH_PATHS = "$(inherited) @executable_path/Frameworks @loader_path/Frameworks";
				PRODUCT_NAME = "$(TARGET_NAME)";
				TEST_HOST = "$(BUILT_PRODUCTS_DIR)/99RedBalloons.app/99RedBalloons";
			};
			name = Release;
		};
/* End XCBuildConfiguration section */

/* Begin XCConfigurationList section */
		DEA5564C19D9012800076FBB /* Build configuration list for PBXProject "99RedBalloons" */ = {
			isa = XCConfigurationList;
			buildConfigurations = (
				DEA5566E19D9012800076FBB /* Debug */,
				DEA5566F19D9012800076FBB /* Release */,
			);
			defaultConfigurationIsVisible = 0;
			defaultConfigurationName = Release;
		};
		DEA5567019D9012800076FBB /* Build configuration list for PBXNativeTarget "99RedBalloons" */ = {
			isa = XCConfigurationList;
			buildConfigurations = (
				DEA5567119D9012800076FBB /* Debug */,
				DEA5567219D9012800076FBB /* Release */,
			);
			defaultConfigurationIsVisible = 0;
			defaultConfigurationName = Release;
		};
		DEA5567319D9012800076FBB /* Build configuration list for PBXNativeTarget "99RedBalloonsTests" */ = {
			isa = XCConfigurationList;
			buildConfigurations = (
				DEA5567419D9012800076FBB /* Debug */,
				DEA5567519D9012800076FBB /* Release */,
			);
			defaultConfigurationIsVisible = 0;
			defaultConfigurationName = Release;
		};
/* End XCConfigurationList section */
	};
	rootObject = DEA5564919D9012800076FBB /* Project object */;
}
